// !$*UTF8*$!
{
	archiveVersion = 1;
	classes = {
	};
	objectVersion = 50;
	objects = {

/* Begin PBXBuildFile section */
		564C1B3122D118C500FDC646 /* AppDelegate.swift in Sources */ = {isa = PBXBuildFile; fileRef = 564C1B3022D118C500FDC646 /* AppDelegate.swift */; };
		564C1B3322D118C500FDC646 /* NewsViewController.swift in Sources */ = {isa = PBXBuildFile; fileRef = 564C1B3222D118C500FDC646 /* NewsViewController.swift */; };
		564C1B3622D118C500FDC646 /* Main.storyboard in Resources */ = {isa = PBXBuildFile; fileRef = 564C1B3422D118C500FDC646 /* Main.storyboard */; };
		564C1B3922D118C500FDC646 /* TochkaTest.xcdatamodeld in Sources */ = {isa = PBXBuildFile; fileRef = 564C1B3722D118C500FDC646 /* TochkaTest.xcdatamodeld */; };
		564C1B3B22D118C800FDC646 /* Assets.xcassets in Resources */ = {isa = PBXBuildFile; fileRef = 564C1B3A22D118C800FDC646 /* Assets.xcassets */; };
		564C1B3E22D118C800FDC646 /* LaunchScreen.storyboard in Resources */ = {isa = PBXBuildFile; fileRef = 564C1B3C22D118C800FDC646 /* LaunchScreen.storyboard */; };
		564C1B4722D25CA600FDC646 /* NewsCell.swift in Sources */ = {isa = PBXBuildFile; fileRef = 564C1B4622D25CA600FDC646 /* NewsCell.swift */; };
		564C1B4922D26DEE00FDC646 /* NewsAPI.swift in Sources */ = {isa = PBXBuildFile; fileRef = 564C1B4822D26DEE00FDC646 /* NewsAPI.swift */; };
		564C1B5822D31F5200FDC646 /* PersistenceServce.swift in Sources */ = {isa = PBXBuildFile; fileRef = 564C1B5722D31F5200FDC646 /* PersistenceServce.swift */; };
/* End PBXBuildFile section */

/* Begin PBXFileReference section */
		564C1B2D22D118C500FDC646 /* TochkaTest.app */ = {isa = PBXFileReference; explicitFileType = wrapper.application; includeInIndex = 0; path = TochkaTest.app; sourceTree = BUILT_PRODUCTS_DIR; };
		564C1B3022D118C500FDC646 /* AppDelegate.swift */ = {isa = PBXFileReference; lastKnownFileType = sourcecode.swift; path = AppDelegate.swift; sourceTree = "<group>"; };
		564C1B3222D118C500FDC646 /* NewsViewController.swift */ = {isa = PBXFileReference; lastKnownFileType = sourcecode.swift; path = NewsViewController.swift; sourceTree = "<group>"; };
		564C1B3522D118C500FDC646 /* Base */ = {isa = PBXFileReference; lastKnownFileType = file.storyboard; name = Base; path = Base.lproj/Main.storyboard; sourceTree = "<group>"; };
		564C1B3822D118C500FDC646 /* TochkaTest.xcdatamodel */ = {isa = PBXFileReference; lastKnownFileType = wrapper.xcdatamodel; path = TochkaTest.xcdatamodel; sourceTree = "<group>"; };
		564C1B3A22D118C800FDC646 /* Assets.xcassets */ = {isa = PBXFileReference; lastKnownFileType = folder.assetcatalog; path = Assets.xcassets; sourceTree = "<group>"; };
		564C1B3D22D118C800FDC646 /* Base */ = {isa = PBXFileReference; lastKnownFileType = file.storyboard; name = Base; path = Base.lproj/LaunchScreen.storyboard; sourceTree = "<group>"; };
		564C1B3F22D118C800FDC646 /* Info.plist */ = {isa = PBXFileReference; lastKnownFileType = text.plist.xml; path = Info.plist; sourceTree = "<group>"; };
		564C1B4622D25CA600FDC646 /* NewsCell.swift */ = {isa = PBXFileReference; lastKnownFileType = sourcecode.swift; path = NewsCell.swift; sourceTree = "<group>"; };
		564C1B4822D26DEE00FDC646 /* NewsAPI.swift */ = {isa = PBXFileReference; lastKnownFileType = sourcecode.swift; path = NewsAPI.swift; sourceTree = "<group>"; };
		564C1B5722D31F5200FDC646 /* PersistenceServce.swift */ = {isa = PBXFileReference; lastKnownFileType = sourcecode.swift; path = PersistenceServce.swift; sourceTree = "<group>"; };
/* End PBXFileReference section */

/* Begin PBXFrameworksBuildPhase section */
		564C1B2A22D118C500FDC646 /* Frameworks */ = {
			isa = PBXFrameworksBuildPhase;
			buildActionMask = 2147483647;
			files = (
			);
			runOnlyForDeploymentPostprocessing = 0;
		};
/* End PBXFrameworksBuildPhase section */

/* Begin PBXGroup section */
		564C1B2422D118C500FDC646 = {
			isa = PBXGroup;
			children = (
				564C1B7D22D480BC00FDC646 /* Network */,
				564C1B4E22D30D7C00FDC646 /* CoreData */,
				564C1B2F22D118C500FDC646 /* TochkaTest */,
				564C1B2E22D118C500FDC646 /* Products */,
			);
			sourceTree = "<group>";
		};
		564C1B2E22D118C500FDC646 /* Products */ = {
			isa = PBXGroup;
			children = (
				564C1B2D22D118C500FDC646 /* TochkaTest.app */,
			);
			name = Products;
			sourceTree = "<group>";
		};
		564C1B2F22D118C500FDC646 /* TochkaTest */ = {
			isa = PBXGroup;
			children = (
				564C1B3022D118C500FDC646 /* AppDelegate.swift */,
				564C1B4522D25C8B00FDC646 /* Cell */,
				564C1B3222D118C500FDC646 /* NewsViewController.swift */,
				564C1B3422D118C500FDC646 /* Main.storyboard */,
				564C1B3A22D118C800FDC646 /* Assets.xcassets */,
				564C1B3C22D118C800FDC646 /* LaunchScreen.storyboard */,
				564C1B3F22D118C800FDC646 /* Info.plist */,
			);
			path = TochkaTest;
			sourceTree = "<group>";
		};
		564C1B4522D25C8B00FDC646 /* Cell */ = {
			isa = PBXGroup;
			children = (
				564C1B4622D25CA600FDC646 /* NewsCell.swift */,
			);
			path = Cell;
			sourceTree = "<group>";
		};
		564C1B4E22D30D7C00FDC646 /* CoreData */ = {
			isa = PBXGroup;
			children = (
				564C1B5722D31F5200FDC646 /* PersistenceServce.swift */,
				564C1B3722D118C500FDC646 /* TochkaTest.xcdatamodeld */,
			);
			path = CoreData;
			sourceTree = "<group>";
		};
		564C1B7D22D480BC00FDC646 /* Network */ = {
			isa = PBXGroup;
			children = (
				564C1B4822D26DEE00FDC646 /* NewsAPI.swift */,
			);
			path = Network;
			sourceTree = "<group>";
		};
/* End PBXGroup section */

/* Begin PBXNativeTarget section */
		564C1B2C22D118C500FDC646 /* TochkaTest */ = {
			isa = PBXNativeTarget;
			buildConfigurationList = 564C1B4222D118C800FDC646 /* Build configuration list for PBXNativeTarget "TochkaTest" */;
			buildPhases = (
				564C1B2922D118C500FDC646 /* Sources */,
				564C1B2A22D118C500FDC646 /* Frameworks */,
				564C1B2B22D118C500FDC646 /* Resources */,
			);
			buildRules = (
			);
			dependencies = (
			);
			name = TochkaTest;
			productName = TochkaTest;
			productReference = 564C1B2D22D118C500FDC646 /* TochkaTest.app */;
			productType = "com.apple.product-type.application";
		};
/* End PBXNativeTarget section */

/* Begin PBXProject section */
		564C1B2522D118C500FDC646 /* Project object */ = {
			isa = PBXProject;
			attributes = {
				LastSwiftUpdateCheck = 1020;
				LastUpgradeCheck = 1020;
				ORGANIZATIONNAME = PelmondoProduct;
				TargetAttributes = {
					564C1B2C22D118C500FDC646 = {
						CreatedOnToolsVersion = 10.2.1;
					};
				};
			};
			buildConfigurationList = 564C1B2822D118C500FDC646 /* Build configuration list for PBXProject "TochkaTest" */;
			compatibilityVersion = "Xcode 9.3";
			developmentRegion = en;
			hasScannedForEncodings = 0;
			knownRegions = (
				en,
				Base,
			);
			mainGroup = 564C1B2422D118C500FDC646;
			productRefGroup = 564C1B2E22D118C500FDC646 /* Products */;
			projectDirPath = "";
			projectRoot = "";
			targets = (
				564C1B2C22D118C500FDC646 /* TochkaTest */,
			);
		};
/* End PBXProject section */

/* Begin PBXResourcesBuildPhase section */
		564C1B2B22D118C500FDC646 /* Resources */ = {
			isa = PBXResourcesBuildPhase;
			buildActionMask = 2147483647;
			files = (
				564C1B3E22D118C800FDC646 /* LaunchScreen.storyboard in Resources */,
				564C1B3B22D118C800FDC646 /* Assets.xcassets in Resources */,
				564C1B3622D118C500FDC646 /* Main.storyboard in Resources */,
			);
			runOnlyForDeploymentPostprocessing = 0;
		};
/* End PBXResourcesBuildPhase section */

/* Begin PBXSourcesBuildPhase section */
		564C1B2922D118C500FDC646 /* Sources */ = {
			isa = PBXSourcesBuildPhase;
			buildActionMask = 2147483647;
			files = (
				564C1B3322D118C500FDC646 /* NewsViewController.swift in Sources */,
				564C1B5822D31F5200FDC646 /* PersistenceServce.swift in Sources */,
				564C1B3922D118C500FDC646 /* TochkaTest.xcdatamodeld in Sources */,
				564C1B4922D26DEE00FDC646 /* NewsAPI.swift in Sources */,
				564C1B4722D25CA600FDC646 /* NewsCell.swift in Sources */,
				564C1B3122D118C500FDC646 /* AppDelegate.swift in Sources */,
			);
			runOnlyForDeploymentPostprocessing = 0;
		};
/* End PBXSourcesBuildPhase section */

/* Begin PBXVariantGroup section */
		564C1B3422D118C500FDC646 /* Main.storyboard */ = {
			isa = PBXVariantGroup;
			children = (
				564C1B3522D118C500FDC646 /* Base */,
			);
			name = Main.storyboard;
			sourceTree = "<group>";
		};
		564C1B3C22D118C800FDC646 /* LaunchScreen.storyboard */ = {
			isa = PBXVariantGroup;
			children = (
				564C1B3D22D118C800FDC646 /* Base */,
			);
			name = LaunchScreen.storyboard;
			sourceTree = "<group>";
		};
/* End PBXVariantGroup section */

/* Begin XCBuildConfiguration section */
		564C1B4022D118C800FDC646 /* Debug */ = {
			isa = XCBuildConfiguration;
			buildSettings = {
				ALWAYS_SEARCH_USER_PATHS = NO;
				CLANG_ANALYZER_NONNULL = YES;
				CLANG_ANALYZER_NUMBER_OBJECT_CONVERSION = YES_AGGRESSIVE;
				CLANG_CXX_LANGUAGE_STANDARD = "gnu++14";
				CLANG_CXX_LIBRARY = "libc++";
				CLANG_ENABLE_MODULES = YES;
				CLANG_ENABLE_OBJC_ARC = YES;
				CLANG_ENABLE_OBJC_WEAK = YES;
				CLANG_WARN_BLOCK_CAPTURE_AUTORELEASING = YES;
				CLANG_WARN_BOOL_CONVERSION = YES;
				CLANG_WARN_COMMA = YES;
				CLANG_WARN_CONSTANT_CONVERSION = YES;
				CLANG_WARN_DEPRECATED_OBJC_IMPLEMENTATIONS = YES;
				CLANG_WARN_DIRECT_OBJC_ISA_USAGE = YES_ERROR;
				CLANG_WARN_DOCUMENTATION_COMMENTS = YES;
				CLANG_WARN_EMPTY_BODY = YES;
				CLANG_WARN_ENUM_CONVERSION = YES;
				CLANG_WARN_INFINITE_RECURSION = YES;
				CLANG_WARN_INT_CONVERSION = YES;
				CLANG_WARN_NON_LITERAL_NULL_CONVERSION = YES;
				CLANG_WARN_OBJC_IMPLICIT_RETAIN_SELF = YES;
				CLANG_WARN_OBJC_LITERAL_CONVERSION = YES;
				CLANG_WARN_OBJC_ROOT_CLASS = YES_ERROR;
				CLANG_WARN_RANGE_LOOP_ANALYSIS = YES;
				CLANG_WARN_STRICT_PROTOTYPES = YES;
				CLANG_WARN_SUSPICIOUS_MOVE = YES;
				CLANG_WARN_UNGUARDED_AVAILABILITY = YES_AGGRESSIVE;
				CLANG_WARN_UNREACHABLE_CODE = YES;
				CLANG_WARN__DUPLICATE_METHOD_MATCH = YES;
				CODE_SIGN_IDENTITY = "iPhone Developer";
				COPY_PHASE_STRIP = NO;
				DEBUG_INFORMATION_FORMAT = dwarf;
				ENABLE_STRICT_OBJC_MSGSEND = YES;
				ENABLE_TESTABILITY = YES;
				GCC_C_LANGUAGE_STANDARD = gnu11;
				GCC_DYNAMIC_NO_PIC = NO;
				GCC_NO_COMMON_BLOCKS = YES;
				GCC_OPTIMIZATION_LEVEL = 0;
				GCC_PREPROCESSOR_DEFINITIONS = (
					"DEBUG=1",
					"$(inherited)",
				);
				GCC_WARN_64_TO_32_BIT_CONVERSION = YES;
				GCC_WARN_ABOUT_RETURN_TYPE = YES_ERROR;
				GCC_WARN_UNDECLARED_SELECTOR = YES;
				GCC_WARN_UNINITIALIZED_AUTOS = YES_AGGRESSIVE;
				GCC_WARN_UNUSED_FUNCTION = YES;
				GCC_WARN_UNUSED_VARIABLE = YES;
				IPHONEOS_DEPLOYMENT_TARGET = 12.2;
				MTL_ENABLE_DEBUG_INFO = INCLUDE_SOURCE;
				MTL_FAST_MATH = YES;
				ONLY_ACTIVE_ARCH = YES;
				SDKROOT = iphoneos;
				SWIFT_ACTIVE_COMPILATION_CONDITIONS = DEBUG;
				SWIFT_OPTIMIZATION_LEVEL = "-Onone";
			};
			name = Debug;
		};
		564C1B4122D118C800FDC646 /* Release */ = {
			isa = XCBuildConfiguration;
			buildSettings = {
				ALWAYS_SEARCH_USER_PATHS = NO;
				CLANG_ANALYZER_NONNULL = YES;
				CLANG_ANALYZER_NUMBER_OBJECT_CONVERSION = YES_AGGRESSIVE;
				CLANG_CXX_LANGUAGE_STANDARD = "gnu++14";
				CLANG_CXX_LIBRARY = "libc++";
				CLANG_ENABLE_MODULES = YES;
				CLANG_ENABLE_OBJC_ARC = YES;
				CLANG_ENABLE_OBJC_WEAK = YES;
				CLANG_WARN_BLOCK_CAPTURE_AUTORELEASING = YES;
				CLANG_WARN_BOOL_CONVERSION = YES;
				CLANG_WARN_COMMA = YES;
				CLANG_WARN_CONSTANT_CONVERSION = YES;
				CLANG_WARN_DEPRECATED_OBJC_IMPLEMENTATIONS = YES;
				CLANG_WARN_DIRECT_OBJC_ISA_USAGE = YES_ERROR;
				CLANG_WARN_DOCUMENTATION_COMMENTS = YES;
				CLANG_WARN_EMPTY_BODY = YES;
				CLANG_WARN_ENUM_CONVERSION = YES;
				CLANG_WARN_INFINITE_RECURSION = YES;
				CLANG_WARN_INT_CONVERSION = YES;
				CLANG_WARN_NON_LITERAL_NULL_CONVERSION = YES;
				CLANG_WARN_OBJC_IMPLICIT_RETAIN_SELF = YES;
				CLANG_WARN_OBJC_LITERAL_CONVERSION = YES;
				CLANG_WARN_OBJC_ROOT_CLASS = YES_ERROR;
				CLANG_WARN_RANGE_LOOP_ANALYSIS = YES;
				CLANG_WARN_STRICT_PROTOTYPES = YES;
				CLANG_WARN_SUSPICIOUS_MOVE = YES;
				CLANG_WARN_UNGUARDED_AVAILABILITY = YES_AGGRESSIVE;
				CLANG_WARN_UNREACHABLE_CODE = YES;
				CLANG_WARN__DUPLICATE_METHOD_MATCH = YES;
				CODE_SIGN_IDENTITY = "iPhone Developer";
				COPY_PHASE_STRIP = NO;
				DEBUG_INFORMATION_FORMAT = "dwarf-with-dsym";
				ENABLE_NS_ASSERTIONS = NO;
				ENABLE_STRICT_OBJC_MSGSEND = YES;
				GCC_C_LANGUAGE_STANDARD = gnu11;
				GCC_NO_COMMON_BLOCKS = YES;
				GCC_WARN_64_TO_32_BIT_CONVERSION = YES;
				GCC_WARN_ABOUT_RETURN_TYPE = YES_ERROR;
				GCC_WARN_UNDECLARED_SELECTOR = YES;
				GCC_WARN_UNINITIALIZED_AUTOS = YES_AGGRESSIVE;
				GCC_WARN_UNUSED_FUNCTION = YES;
				GCC_WARN_UNUSED_VARIABLE = YES;
				IPHONEOS_DEPLOYMENT_TARGET = 12.2;
				MTL_ENABLE_DEBUG_INFO = NO;
				MTL_FAST_MATH = YES;
				SDKROOT = iphoneos;
				SWIFT_COMPILATION_MODE = wholemodule;
				SWIFT_OPTIMIZATION_LEVEL = "-O";
				VALIDATE_PRODUCT = YES;
			};
			name = Release;
		};
		564C1B4322D118C800FDC646 /* Debug */ = {
			isa = XCBuildConfiguration;
			buildSettings = {
				ASSETCATALOG_COMPILER_APPICON_NAME = AppIcon;
				CODE_SIGN_STYLE = Automatic;
				DEVELOPMENT_TEAM = KMJG654R42;
				INFOPLIST_FILE = TochkaTest/Info.plist;
				LD_RUNPATH_SEARCH_PATHS = (
					"$(inherited)",
					"@executable_path/Frameworks",
				);
				PRODUCT_BUNDLE_IDENTIFIER = ru.Pelmondo.TochkaTest;
				PRODUCT_NAME = "$(TARGET_NAME)";
				SWIFT_VERSION = 5.0;
				TARGETED_DEVICE_FAMILY = 1;
			};
			name = Debug;
		};
		564C1B4422D118C800FDC646 /* Release */ = {
			isa = XCBuildConfiguration;
			buildSettings = {
				ASSETCATALOG_COMPILER_APPICON_NAME = AppIcon;
				CODE_SIGN_STYLE = Automatic;
				DEVELOPMENT_TEAM = KMJG654R42;
				INFOPLIST_FILE = TochkaTest/Info.plist;
				LD_RUNPATH_SEARCH_PATHS = (
					"$(inherited)",
					"@executable_path/Frameworks",
				);
				PRODUCT_BUNDLE_IDENTIFIER = ru.Pelmondo.TochkaTest;
				PRODUCT_NAME = "$(TARGET_NAME)";
				SWIFT_VERSION = 5.0;
				TARGETED_DEVICE_FAMILY = 1;
			};
			name = Release;
		};
/* End XCBuildConfiguration section */

/* Begin XCConfigurationList section */
		564C1B2822D118C500FDC646 /* Build configuration list for PBXProject "TochkaTest" */ = {
			isa = XCConfigurationList;
			buildConfigurations = (
				564C1B4022D118C800FDC646 /* Debug */,
				564C1B4122D118C800FDC646 /* Release */,
			);
			defaultConfigurationIsVisible = 0;
			defaultConfigurationName = Release;
		};
		564C1B4222D118C800FDC646 /* Build configuration list for PBXNativeTarget "TochkaTest" */ = {
			isa = XCConfigurationList;
			buildConfigurations = (
				564C1B4322D118C800FDC646 /* Debug */,
				564C1B4422D118C800FDC646 /* Release */,
			);
			defaultConfigurationIsVisible = 0;
			defaultConfigurationName = Release;
		};
/* End XCConfigurationList section */

/* Begin XCVersionGroup section */
		564C1B3722D118C500FDC646 /* TochkaTest.xcdatamodeld */ = {
			isa = XCVersionGroup;
			children = (
				564C1B3822D118C500FDC646 /* TochkaTest.xcdatamodel */,
			);
			currentVersion = 564C1B3822D118C500FDC646 /* TochkaTest.xcdatamodel */;
			path = TochkaTest.xcdatamodeld;
			sourceTree = "<group>";
			versionGroupType = wrapper.xcdatamodel;
		};
/* End XCVersionGroup section */
	};
	rootObject = 564C1B2522D118C500FDC646 /* Project object */;
}
